
Microsoft Visual Studio Solution File, Format Version 12.00
# Visual Studio Version 16
VisualStudioVersion = 16.0.31424.327
MinimumVisualStudioVersion = 10.0.40219.1
Project("{FAE04EC0-301F-11D3-BF4B-00C04F79EFBC}") = "Hawthorn Logistics", "Hawthorn Logistics\Hawthorn Logistics.csproj", "{A13738A7-33B9-48D6-A1E2-0A0D5658EB73}"
EndProject
Global
	GlobalSection(SolutionConfigurationPlatforms) = preSolution
		Debug|Any CPU = Debug|Any CPU
		Release|Any CPU = Release|Any CPU
	EndGlobalSection
	GlobalSection(ProjectConfigurationPlatforms) = postSolution
		{A13738A7-33B9-48D6-A1E2-0A0D5658EB73}.Debug|Any CPU.ActiveCfg = Debug|Any CPU
		{A13738A7-33B9-48D6-A1E2-0A0D5658EB73}.Debug|Any CPU.Build.0 = Debug|Any CPU
		{A13738A7-33B9-48D6-A1E2-0A0D5658EB73}.Release|Any CPU.ActiveCfg = Release|Any CPU
		{A13738A7-33B9-48D6-A1E2-0A0D5658EB73}.Release|Any CPU.Build.0 = Release|Any CPU
	EndGlobalSection
	GlobalSection(SolutionProperties) = preSolution
		HideSolutionNode = FALSE
	EndGlobalSection
	GlobalSection(ExtensibilityGlobals) = postSolution
		SolutionGuid = {2E19CD71-65E3-4DF4-8BCF-143C1B5C729F}
	EndGlobalSection
EndGlobal
